
Microsoft Visual Studio Solution File, Format Version 12.00
# Visual Studio Version 18
VisualStudioVersion = 18.3.11312.210 d18.3
MinimumVisualStudioVersion = 10.0.40219.1
Project("{FAE04EC0-301F-11D3-BF4B-00C04F79EFBC}") = "AdvancedEFCore", "AdvancedEFCore\AdvancedEFCore.csproj", "{9C2740AF-3163-4293-A46F-A68A789BDFC6}"
EndProject
Project("{FAE04EC0-301F-11D3-BF4B-00C04F79EFBC}") = "AdvancedFeatureDemos", "AdvancedFeatureDemos\AdvancedFeatureDemos.csproj", "{19F13FB5-1111-4F3D-948F-4971E80F47EB}"
EndProject
Global
	GlobalSection(SolutionConfigurationPlatforms) = preSolution
		Debug|Any CPU = Debug|Any CPU
		Release|Any CPU = Release|Any CPU
	EndGlobalSection
	GlobalSection(ProjectConfigurationPlatforms) = postSolution
		{9C2740AF-3163-4293-A46F-A68A789BDFC6}.Debug|Any CPU.ActiveCfg = Debug|Any CPU
		{9C2740AF-3163-4293-A46F-A68A789BDFC6}.Debug|Any CPU.Build.0 = Debug|Any CPU
		{9C2740AF-3163-4293-A46F-A68A789BDFC6}.Release|Any CPU.ActiveCfg = Release|Any CPU
		{9C2740AF-3163-4293-A46F-A68A789BDFC6}.Release|Any CPU.Build.0 = Release|Any CPU
		{19F13FB5-1111-4F3D-948F-4971E80F47EB}.Debug|Any CPU.ActiveCfg = Debug|Any CPU
		{19F13FB5-1111-4F3D-948F-4971E80F47EB}.Debug|Any CPU.Build.0 = Debug|Any CPU
		{19F13FB5-1111-4F3D-948F-4971E80F47EB}.Release|Any CPU.ActiveCfg = Release|Any CPU
		{19F13FB5-1111-4F3D-948F-4971E80F47EB}.Release|Any CPU.Build.0 = Release|Any CPU
	EndGlobalSection
	GlobalSection(SolutionProperties) = preSolution
		HideSolutionNode = FALSE
	EndGlobalSection
	GlobalSection(ExtensibilityGlobals) = postSolution
		SolutionGuid = {75A0E360-D6F9-4F4C-BA44-BD2FDBCD2BEE}
	EndGlobalSection
EndGlobal
